
Microsoft Visual Studio Solution File, Format Version 12.00
# Visual Studio Version 16
VisualStudioVersion = 16.0.30114.105
MinimumVisualStudioVersion = 10.0.40219.1
Project("{FAE04EC0-301F-11D3-BF4B-00C04F79EFBC}") = "JetBlack.Http", "JetBlack.Http\JetBlack.Http.csproj", "{E4CD153C-B56C-4655-A0CD-8C73A69468E8}"
EndProject
Project("{2150E333-8FDC-42A3-9474-1A3956D46DE8}") = "Examples", "Examples", "{A84F6657-14C1-4AC0-AFD3-B83BE1612E03}"
EndProject
Project("{FAE04EC0-301F-11D3-BF4B-00C04F79EFBC}") = "GettingStarted", "Examples\GettingStarted\GettingStarted.csproj", "{46004E27-1BE1-47A7-9499-517B8C9C8198}"
EndProject
Project("{2150E333-8FDC-42A3-9474-1A3956D46DE8}") = "RoutesAndRequestHandlers", "RoutesAndRequestHandlers", "{34D11E89-623C-4C2E-A555-C680CE26F68A}"
EndProject
Project("{FAE04EC0-301F-11D3-BF4B-00C04F79EFBC}") = "Overview", "Examples\RoutesAndRequestHandlers\Overview\Overview.csproj", "{4ED46B24-2C26-4AC9-82C4-8F9E768625C7}"
EndProject
Project("{FAE04EC0-301F-11D3-BF4B-00C04F79EFBC}") = "Controllers", "Examples\RoutesAndRequestHandlers\Controllers\Controllers.csproj", "{0CA8B89C-0948-4C0E-8C0B-ABC67F07F220}"
EndProject
Project("{FAE04EC0-301F-11D3-BF4B-00C04F79EFBC}") = "ControllerWithAttributes", "Examples\RoutesAndRequestHandlers\ControllerWithAttributes\ControllerWithAttributes.csproj", "{8CF6A49C-3860-40B7-8B82-BF27BC6E3DAF}"
EndProject
Project("{2150E333-8FDC-42A3-9474-1A3956D46DE8}") = "Configuration", "Configuration", "{EDA48233-E49D-4839-9B2D-84BF7480A68D}"
EndProject
Project("{FAE04EC0-301F-11D3-BF4B-00C04F79EFBC}") = "Manual", "Examples\Configuration\Manual\Manual.csproj", "{7E1BAE34-9345-419D-9004-989439703E4F}"
EndProject
Project("{FAE04EC0-301F-11D3-BF4B-00C04F79EFBC}") = "Simple", "Examples\Configuration\Simple\Simple.csproj", "{AAE5B7F7-BEB2-42AF-8AD6-E4F9BDD6DF32}"
EndProject
Project("{FAE04EC0-301F-11D3-BF4B-00C04F79EFBC}") = "Advanved", "Examples\Configuration\Advanced\Advanved.csproj", "{8CCF1168-10BA-469A-92DF-6DE163393CC0}"
EndProject
Project("{2150E333-8FDC-42A3-9474-1A3956D46DE8}") = "Middleware", "Middleware", "{8B728E57-DB65-49EF-9551-2E3CEE9C975C}"
EndProject
Project("{FAE04EC0-301F-11D3-BF4B-00C04F79EFBC}") = "Overview", "Examples\Middleware\Overview\Overview.csproj", "{F089FC21-5B97-4E74-B78B-D93ECA3DE9AD}"
EndProject
Project("{FAE04EC0-301F-11D3-BF4B-00C04F79EFBC}") = "Compression", "Examples\Middleware\Compression\Compression.csproj", "{5DFB3010-49BA-4659-A3F0-4DB93B1DEA50}"
EndProject
Project("{2150E333-8FDC-42A3-9474-1A3956D46DE8}") = "CORS", "CORS", "{30307A5C-F15D-4EFB-8FF9-7D34B4FA9BF0}"
EndProject
Project("{FAE04EC0-301F-11D3-BF4B-00C04F79EFBC}") = "BackEnd", "Examples\Middleware\CORS\BackEnd\BackEnd.csproj", "{78A02982-FE2A-4013-8AD7-102A7E4AD237}"
EndProject
Project("{FAE04EC0-301F-11D3-BF4B-00C04F79EFBC}") = "FrontEnd", "Examples\Middleware\CORS\FrontEnd\FrontEnd.csproj", "{4352615C-6233-4E85-98DA-CA43146073D3}"
EndProject
Project("{2150E333-8FDC-42A3-9474-1A3956D46DE8}") = "Lifecycle", "Lifecycle", "{012094C4-26CA-4FC3-A67E-69FC89E07819}"
EndProject
Project("{FAE04EC0-301F-11D3-BF4B-00C04F79EFBC}") = "CancellationBehaviour", "Examples\Lifecycle\CancellationBehaviour\CancellationBehaviour.csproj", "{B6EF70EF-E823-4DDC-955E-61B2065078A0}"
EndProject
Project("{FAE04EC0-301F-11D3-BF4B-00C04F79EFBC}") = "LongRunningHandler", "Examples\Lifecycle\LongRunningHandler\LongRunningHandler.csproj", "{E3BF9C7B-7EF1-40CA-B05C-A3491F595C59}"
EndProject
Project("{FAE04EC0-301F-11D3-BF4B-00C04F79EFBC}") = "LifecycleHandlers", "Examples\Lifecycle\LifecycleHandlers\LifecycleHandlers.csproj", "{BF8F6FD1-4FF4-4FD3-8775-B41D5F353F37}"
EndProject
Global
	GlobalSection(SolutionConfigurationPlatforms) = preSolution
		Debug|Any CPU = Debug|Any CPU
		Release|Any CPU = Release|Any CPU
	EndGlobalSection
	GlobalSection(SolutionProperties) = preSolution
		HideSolutionNode = FALSE
	EndGlobalSection
	GlobalSection(ProjectConfigurationPlatforms) = postSolution
		{E4CD153C-B56C-4655-A0CD-8C73A69468E8}.Debug|Any CPU.ActiveCfg = Debug|Any CPU
		{E4CD153C-B56C-4655-A0CD-8C73A69468E8}.Debug|Any CPU.Build.0 = Debug|Any CPU
		{E4CD153C-B56C-4655-A0CD-8C73A69468E8}.Release|Any CPU.ActiveCfg = Release|Any CPU
		{E4CD153C-B56C-4655-A0CD-8C73A69468E8}.Release|Any CPU.Build.0 = Release|Any CPU
		{46004E27-1BE1-47A7-9499-517B8C9C8198}.Debug|Any CPU.ActiveCfg = Debug|Any CPU
		{46004E27-1BE1-47A7-9499-517B8C9C8198}.Debug|Any CPU.Build.0 = Debug|Any CPU
		{46004E27-1BE1-47A7-9499-517B8C9C8198}.Release|Any CPU.ActiveCfg = Release|Any CPU
		{46004E27-1BE1-47A7-9499-517B8C9C8198}.Release|Any CPU.Build.0 = Release|Any CPU
		{4ED46B24-2C26-4AC9-82C4-8F9E768625C7}.Debug|Any CPU.ActiveCfg = Debug|Any CPU
		{4ED46B24-2C26-4AC9-82C4-8F9E768625C7}.Debug|Any CPU.Build.0 = Debug|Any CPU
		{4ED46B24-2C26-4AC9-82C4-8F9E768625C7}.Release|Any CPU.ActiveCfg = Release|Any CPU
		{4ED46B24-2C26-4AC9-82C4-8F9E768625C7}.Release|Any CPU.Build.0 = Release|Any CPU
		{0CA8B89C-0948-4C0E-8C0B-ABC67F07F220}.Debug|Any CPU.ActiveCfg = Debug|Any CPU
		{0CA8B89C-0948-4C0E-8C0B-ABC67F07F220}.Debug|Any CPU.Build.0 = Debug|Any CPU
		{0CA8B89C-0948-4C0E-8C0B-ABC67F07F220}.Release|Any CPU.ActiveCfg = Release|Any CPU
		{0CA8B89C-0948-4C0E-8C0B-ABC67F07F220}.Release|Any CPU.Build.0 = Release|Any CPU
		{8CF6A49C-3860-40B7-8B82-BF27BC6E3DAF}.Debug|Any CPU.ActiveCfg = Debug|Any CPU
		{8CF6A49C-3860-40B7-8B82-BF27BC6E3DAF}.Debug|Any CPU.Build.0 = Debug|Any CPU
		{8CF6A49C-3860-40B7-8B82-BF27BC6E3DAF}.Release|Any CPU.ActiveCfg = Release|Any CPU
		{8CF6A49C-3860-40B7-8B82-BF27BC6E3DAF}.Release|Any CPU.Build.0 = Release|Any CPU
		{7E1BAE34-9345-419D-9004-989439703E4F}.Debug|Any CPU.ActiveCfg = Debug|Any CPU
		{7E1BAE34-9345-419D-9004-989439703E4F}.Debug|Any CPU.Build.0 = Debug|Any CPU
		{7E1BAE34-9345-419D-9004-989439703E4F}.Release|Any CPU.ActiveCfg = Release|Any CPU
		{7E1BAE34-9345-419D-9004-989439703E4F}.Release|Any CPU.Build.0 = Release|Any CPU
		{AAE5B7F7-BEB2-42AF-8AD6-E4F9BDD6DF32}.Debug|Any CPU.ActiveCfg = Debug|Any CPU
		{AAE5B7F7-BEB2-42AF-8AD6-E4F9BDD6DF32}.Debug|Any CPU.Build.0 = Debug|Any CPU
		{AAE5B7F7-BEB2-42AF-8AD6-E4F9BDD6DF32}.Release|Any CPU.ActiveCfg = Release|Any CPU
		{AAE5B7F7-BEB2-42AF-8AD6-E4F9BDD6DF32}.Release|Any CPU.Build.0 = Release|Any CPU
		{8CCF1168-10BA-469A-92DF-6DE163393CC0}.Debug|Any CPU.ActiveCfg = Debug|Any CPU
		{8CCF1168-10BA-469A-92DF-6DE163393CC0}.Debug|Any CPU.Build.0 = Debug|Any CPU
		{8CCF1168-10BA-469A-92DF-6DE163393CC0}.Release|Any CPU.ActiveCfg = Release|Any CPU
		{8CCF1168-10BA-469A-92DF-6DE163393CC0}.Release|Any CPU.Build.0 = Release|Any CPU
		{F089FC21-5B97-4E74-B78B-D93ECA3DE9AD}.Debug|Any CPU.ActiveCfg = Debug|Any CPU
		{F089FC21-5B97-4E74-B78B-D93ECA3DE9AD}.Debug|Any CPU.Build.0 = Debug|Any CPU
		{F089FC21-5B97-4E74-B78B-D93ECA3DE9AD}.Release|Any CPU.ActiveCfg = Release|Any CPU
		{F089FC21-5B97-4E74-B78B-D93ECA3DE9AD}.Release|Any CPU.Build.0 = Release|Any CPU
		{5DFB3010-49BA-4659-A3F0-4DB93B1DEA50}.Debug|Any CPU.ActiveCfg = Debug|Any CPU
		{5DFB3010-49BA-4659-A3F0-4DB93B1DEA50}.Debug|Any CPU.Build.0 = Debug|Any CPU
		{5DFB3010-49BA-4659-A3F0-4DB93B1DEA50}.Release|Any CPU.ActiveCfg = Release|Any CPU
		{5DFB3010-49BA-4659-A3F0-4DB93B1DEA50}.Release|Any CPU.Build.0 = Release|Any CPU
		{78A02982-FE2A-4013-8AD7-102A7E4AD237}.Debug|Any CPU.ActiveCfg = Debug|Any CPU
		{78A02982-FE2A-4013-8AD7-102A7E4AD237}.Debug|Any CPU.Build.0 = Debug|Any CPU
		{78A02982-FE2A-4013-8AD7-102A7E4AD237}.Release|Any CPU.ActiveCfg = Release|Any CPU
		{78A02982-FE2A-4013-8AD7-102A7E4AD237}.Release|Any CPU.Build.0 = Release|Any CPU
		{4352615C-6233-4E85-98DA-CA43146073D3}.Debug|Any CPU.ActiveCfg = Debug|Any CPU
		{4352615C-6233-4E85-98DA-CA43146073D3}.Debug|Any CPU.Build.0 = Debug|Any CPU
		{4352615C-6233-4E85-98DA-CA43146073D3}.Release|Any CPU.ActiveCfg = Release|Any CPU
		{4352615C-6233-4E85-98DA-CA43146073D3}.Release|Any CPU.Build.0 = Release|Any CPU
		{B6EF70EF-E823-4DDC-955E-61B2065078A0}.Debug|Any CPU.ActiveCfg = Debug|Any CPU
		{B6EF70EF-E823-4DDC-955E-61B2065078A0}.Debug|Any CPU.Build.0 = Debug|Any CPU
		{B6EF70EF-E823-4DDC-955E-61B2065078A0}.Release|Any CPU.ActiveCfg = Release|Any CPU
		{B6EF70EF-E823-4DDC-955E-61B2065078A0}.Release|Any CPU.Build.0 = Release|Any CPU
		{E3BF9C7B-7EF1-40CA-B05C-A3491F595C59}.Debug|Any CPU.ActiveCfg = Debug|Any CPU
		{E3BF9C7B-7EF1-40CA-B05C-A3491F595C59}.Debug|Any CPU.Build.0 = Debug|Any CPU
		{E3BF9C7B-7EF1-40CA-B05C-A3491F595C59}.Release|Any CPU.ActiveCfg = Release|Any CPU
		{E3BF9C7B-7EF1-40CA-B05C-A3491F595C59}.Release|Any CPU.Build.0 = Release|Any CPU
		{BF8F6FD1-4FF4-4FD3-8775-B41D5F353F37}.Debug|Any CPU.ActiveCfg = Debug|Any CPU
		{BF8F6FD1-4FF4-4FD3-8775-B41D5F353F37}.Debug|Any CPU.Build.0 = Debug|Any CPU
		{BF8F6FD1-4FF4-4FD3-8775-B41D5F353F37}.Release|Any CPU.ActiveCfg = Release|Any CPU
		{BF8F6FD1-4FF4-4FD3-8775-B41D5F353F37}.Release|Any CPU.Build.0 = Release|Any CPU
	EndGlobalSection
	GlobalSection(NestedProjects) = preSolution
		{46004E27-1BE1-47A7-9499-517B8C9C8198} = {A84F6657-14C1-4AC0-AFD3-B83BE1612E03}
		{34D11E89-623C-4C2E-A555-C680CE26F68A} = {A84F6657-14C1-4AC0-AFD3-B83BE1612E03}
		{4ED46B24-2C26-4AC9-82C4-8F9E768625C7} = {34D11E89-623C-4C2E-A555-C680CE26F68A}
		{0CA8B89C-0948-4C0E-8C0B-ABC67F07F220} = {34D11E89-623C-4C2E-A555-C680CE26F68A}
		{8CF6A49C-3860-40B7-8B82-BF27BC6E3DAF} = {34D11E89-623C-4C2E-A555-C680CE26F68A}
		{EDA48233-E49D-4839-9B2D-84BF7480A68D} = {A84F6657-14C1-4AC0-AFD3-B83BE1612E03}
		{7E1BAE34-9345-419D-9004-989439703E4F} = {EDA48233-E49D-4839-9B2D-84BF7480A68D}
		{AAE5B7F7-BEB2-42AF-8AD6-E4F9BDD6DF32} = {EDA48233-E49D-4839-9B2D-84BF7480A68D}
		{8CCF1168-10BA-469A-92DF-6DE163393CC0} = {EDA48233-E49D-4839-9B2D-84BF7480A68D}
		{8B728E57-DB65-49EF-9551-2E3CEE9C975C} = {A84F6657-14C1-4AC0-AFD3-B83BE1612E03}
		{F089FC21-5B97-4E74-B78B-D93ECA3DE9AD} = {8B728E57-DB65-49EF-9551-2E3CEE9C975C}
		{5DFB3010-49BA-4659-A3F0-4DB93B1DEA50} = {8B728E57-DB65-49EF-9551-2E3CEE9C975C}
		{30307A5C-F15D-4EFB-8FF9-7D34B4FA9BF0} = {8B728E57-DB65-49EF-9551-2E3CEE9C975C}
		{78A02982-FE2A-4013-8AD7-102A7E4AD237} = {30307A5C-F15D-4EFB-8FF9-7D34B4FA9BF0}
		{4352615C-6233-4E85-98DA-CA43146073D3} = {30307A5C-F15D-4EFB-8FF9-7D34B4FA9BF0}
		{012094C4-26CA-4FC3-A67E-69FC89E07819} = {A84F6657-14C1-4AC0-AFD3-B83BE1612E03}
		{B6EF70EF-E823-4DDC-955E-61B2065078A0} = {012094C4-26CA-4FC3-A67E-69FC89E07819}
		{E3BF9C7B-7EF1-40CA-B05C-A3491F595C59} = {012094C4-26CA-4FC3-A67E-69FC89E07819}
		{BF8F6FD1-4FF4-4FD3-8775-B41D5F353F37} = {012094C4-26CA-4FC3-A67E-69FC89E07819}
	EndGlobalSection
EndGlobal
