
Microsoft Visual Studio Solution File, Format Version 12.00
# Visual Studio Version 16
VisualStudioVersion = 16.0.30114.105
MinimumVisualStudioVersion = 10.0.40219.1
Project("{FAE04EC0-301F-11D3-BF4B-00C04F79EFBC}") = "JetBlack.Http", "JetBlack.Http\JetBlack.Http.csproj", "{E4CD153C-B56C-4655-A0CD-8C73A69468E8}"
EndProject
Project("{2150E333-8FDC-42A3-9474-1A3956D46DE8}") = "Examples", "Examples", "{A84F6657-14C1-4AC0-AFD3-B83BE1612E03}"
EndProject
Project("{FAE04EC0-301F-11D3-BF4B-00C04F79EFBC}") = "ExampleRaw", "Examples\ExampleRaw\ExampleRaw.csproj", "{C0AC082E-2E04-437A-BC69-956E487B76EF}"
EndProject
Project("{FAE04EC0-301F-11D3-BF4B-00C04F79EFBC}") = "ExampleUsingFluentConfig", "Examples\ExampleUsingFluentConfig\ExampleUsingFluentConfig.csproj", "{1D0141BE-5C4B-4529-A1A2-EE8B3DF7B354}"
EndProject
Project("{FAE04EC0-301F-11D3-BF4B-00C04F79EFBC}") = "ExampleUsingFuncConfig", "Examples\ExampleUsingFuncConfig\ExampleUsingFuncConfig.csproj", "{20B531D9-E79A-4CEB-B60C-02D9C46D9BDE}"
EndProject
Project("{FAE04EC0-301F-11D3-BF4B-00C04F79EFBC}") = "LongRunningHandler", "Examples\LongRunningHandler\LongRunningHandler.csproj", "{02E6E785-EF81-4ADD-94FB-E3432C30EA90}"
EndProject
Project("{FAE04EC0-301F-11D3-BF4B-00C04F79EFBC}") = "CancellationBehaviour", "Examples\CancellationBehaviour\CancellationBehaviour.csproj", "{0F4A3BE0-4A46-40D2-BB84-BB28F930AFEA}"
EndProject
Project("{FAE04EC0-301F-11D3-BF4B-00C04F79EFBC}") = "ExampleMiddleware", "Examples\ExampleMiddleware\ExampleMiddleware.csproj", "{72E0C272-72E1-4FBA-B160-514468795972}"
EndProject
Project("{FAE04EC0-301F-11D3-BF4B-00C04F79EFBC}") = "CompressionMiddlewareExample", "Examples\CompressionMiddlewareExample\CompressionMiddlewareExample.csproj", "{983002AC-CB0D-45BC-BBC6-EDCB20CEF269}"
EndProject
Project("{2150E333-8FDC-42A3-9474-1A3956D46DE8}") = "UsingCorsMiddleware", "UsingCorsMiddleware", "{2BCDD906-CC1A-4BAA-AD60-5D174068F08D}"
EndProject
Project("{FAE04EC0-301F-11D3-BF4B-00C04F79EFBC}") = "BackEnd", "Examples\UsingCorsMiddleware\BackEnd\BackEnd.csproj", "{BF0E8103-BB6E-4308-AEB5-54D6AA86F070}"
EndProject
Project("{FAE04EC0-301F-11D3-BF4B-00C04F79EFBC}") = "FrontEnd", "Examples\UsingCorsMiddleware\FrontEnd\FrontEnd.csproj", "{A422AF66-1BAF-4DE7-8143-C3962B2C97EB}"
EndProject
Project("{FAE04EC0-301F-11D3-BF4B-00C04F79EFBC}") = "GettingStarted", "Examples\GettingStarted\GettingStarted.csproj", "{46004E27-1BE1-47A7-9499-517B8C9C8198}"
EndProject
Project("{2150E333-8FDC-42A3-9474-1A3956D46DE8}") = "RoutesAndRequestHandlers", "RoutesAndRequestHandlers", "{34D11E89-623C-4C2E-A555-C680CE26F68A}"
EndProject
Project("{FAE04EC0-301F-11D3-BF4B-00C04F79EFBC}") = "Overview", "Examples\RoutesAndRequestHandlers\Overview\Overview.csproj", "{4ED46B24-2C26-4AC9-82C4-8F9E768625C7}"
EndProject
Project("{FAE04EC0-301F-11D3-BF4B-00C04F79EFBC}") = "Controllers", "Examples\RoutesAndRequestHandlers\Controllers\Controllers.csproj", "{0CA8B89C-0948-4C0E-8C0B-ABC67F07F220}"
EndProject
Project("{FAE04EC0-301F-11D3-BF4B-00C04F79EFBC}") = "ControllerWithAttributes", "Examples\RoutesAndRequestHandlers\ControllerWithAttributes\ControllerWithAttributes.csproj", "{8CF6A49C-3860-40B7-8B82-BF27BC6E3DAF}"
EndProject
Global
	GlobalSection(SolutionConfigurationPlatforms) = preSolution
		Debug|Any CPU = Debug|Any CPU
		Release|Any CPU = Release|Any CPU
	EndGlobalSection
	GlobalSection(SolutionProperties) = preSolution
		HideSolutionNode = FALSE
	EndGlobalSection
	GlobalSection(ProjectConfigurationPlatforms) = postSolution
		{E4CD153C-B56C-4655-A0CD-8C73A69468E8}.Debug|Any CPU.ActiveCfg = Debug|Any CPU
		{E4CD153C-B56C-4655-A0CD-8C73A69468E8}.Debug|Any CPU.Build.0 = Debug|Any CPU
		{E4CD153C-B56C-4655-A0CD-8C73A69468E8}.Release|Any CPU.ActiveCfg = Release|Any CPU
		{E4CD153C-B56C-4655-A0CD-8C73A69468E8}.Release|Any CPU.Build.0 = Release|Any CPU
		{C0AC082E-2E04-437A-BC69-956E487B76EF}.Debug|Any CPU.ActiveCfg = Debug|Any CPU
		{C0AC082E-2E04-437A-BC69-956E487B76EF}.Debug|Any CPU.Build.0 = Debug|Any CPU
		{C0AC082E-2E04-437A-BC69-956E487B76EF}.Release|Any CPU.ActiveCfg = Release|Any CPU
		{C0AC082E-2E04-437A-BC69-956E487B76EF}.Release|Any CPU.Build.0 = Release|Any CPU
		{1D0141BE-5C4B-4529-A1A2-EE8B3DF7B354}.Debug|Any CPU.ActiveCfg = Debug|Any CPU
		{1D0141BE-5C4B-4529-A1A2-EE8B3DF7B354}.Debug|Any CPU.Build.0 = Debug|Any CPU
		{1D0141BE-5C4B-4529-A1A2-EE8B3DF7B354}.Release|Any CPU.ActiveCfg = Release|Any CPU
		{1D0141BE-5C4B-4529-A1A2-EE8B3DF7B354}.Release|Any CPU.Build.0 = Release|Any CPU
		{20B531D9-E79A-4CEB-B60C-02D9C46D9BDE}.Debug|Any CPU.ActiveCfg = Debug|Any CPU
		{20B531D9-E79A-4CEB-B60C-02D9C46D9BDE}.Debug|Any CPU.Build.0 = Debug|Any CPU
		{20B531D9-E79A-4CEB-B60C-02D9C46D9BDE}.Release|Any CPU.ActiveCfg = Release|Any CPU
		{20B531D9-E79A-4CEB-B60C-02D9C46D9BDE}.Release|Any CPU.Build.0 = Release|Any CPU
		{02E6E785-EF81-4ADD-94FB-E3432C30EA90}.Debug|Any CPU.ActiveCfg = Debug|Any CPU
		{02E6E785-EF81-4ADD-94FB-E3432C30EA90}.Debug|Any CPU.Build.0 = Debug|Any CPU
		{02E6E785-EF81-4ADD-94FB-E3432C30EA90}.Release|Any CPU.ActiveCfg = Release|Any CPU
		{02E6E785-EF81-4ADD-94FB-E3432C30EA90}.Release|Any CPU.Build.0 = Release|Any CPU
		{0F4A3BE0-4A46-40D2-BB84-BB28F930AFEA}.Debug|Any CPU.ActiveCfg = Debug|Any CPU
		{0F4A3BE0-4A46-40D2-BB84-BB28F930AFEA}.Debug|Any CPU.Build.0 = Debug|Any CPU
		{0F4A3BE0-4A46-40D2-BB84-BB28F930AFEA}.Release|Any CPU.ActiveCfg = Release|Any CPU
		{0F4A3BE0-4A46-40D2-BB84-BB28F930AFEA}.Release|Any CPU.Build.0 = Release|Any CPU
		{72E0C272-72E1-4FBA-B160-514468795972}.Debug|Any CPU.ActiveCfg = Debug|Any CPU
		{72E0C272-72E1-4FBA-B160-514468795972}.Debug|Any CPU.Build.0 = Debug|Any CPU
		{72E0C272-72E1-4FBA-B160-514468795972}.Release|Any CPU.ActiveCfg = Release|Any CPU
		{72E0C272-72E1-4FBA-B160-514468795972}.Release|Any CPU.Build.0 = Release|Any CPU
		{983002AC-CB0D-45BC-BBC6-EDCB20CEF269}.Debug|Any CPU.ActiveCfg = Debug|Any CPU
		{983002AC-CB0D-45BC-BBC6-EDCB20CEF269}.Debug|Any CPU.Build.0 = Debug|Any CPU
		{983002AC-CB0D-45BC-BBC6-EDCB20CEF269}.Release|Any CPU.ActiveCfg = Release|Any CPU
		{983002AC-CB0D-45BC-BBC6-EDCB20CEF269}.Release|Any CPU.Build.0 = Release|Any CPU
		{BF0E8103-BB6E-4308-AEB5-54D6AA86F070}.Debug|Any CPU.ActiveCfg = Debug|Any CPU
		{BF0E8103-BB6E-4308-AEB5-54D6AA86F070}.Debug|Any CPU.Build.0 = Debug|Any CPU
		{BF0E8103-BB6E-4308-AEB5-54D6AA86F070}.Release|Any CPU.ActiveCfg = Release|Any CPU
		{BF0E8103-BB6E-4308-AEB5-54D6AA86F070}.Release|Any CPU.Build.0 = Release|Any CPU
		{A422AF66-1BAF-4DE7-8143-C3962B2C97EB}.Debug|Any CPU.ActiveCfg = Debug|Any CPU
		{A422AF66-1BAF-4DE7-8143-C3962B2C97EB}.Debug|Any CPU.Build.0 = Debug|Any CPU
		{A422AF66-1BAF-4DE7-8143-C3962B2C97EB}.Release|Any CPU.ActiveCfg = Release|Any CPU
		{A422AF66-1BAF-4DE7-8143-C3962B2C97EB}.Release|Any CPU.Build.0 = Release|Any CPU
		{46004E27-1BE1-47A7-9499-517B8C9C8198}.Debug|Any CPU.ActiveCfg = Debug|Any CPU
		{46004E27-1BE1-47A7-9499-517B8C9C8198}.Debug|Any CPU.Build.0 = Debug|Any CPU
		{46004E27-1BE1-47A7-9499-517B8C9C8198}.Release|Any CPU.ActiveCfg = Release|Any CPU
		{46004E27-1BE1-47A7-9499-517B8C9C8198}.Release|Any CPU.Build.0 = Release|Any CPU
		{4ED46B24-2C26-4AC9-82C4-8F9E768625C7}.Debug|Any CPU.ActiveCfg = Debug|Any CPU
		{4ED46B24-2C26-4AC9-82C4-8F9E768625C7}.Debug|Any CPU.Build.0 = Debug|Any CPU
		{4ED46B24-2C26-4AC9-82C4-8F9E768625C7}.Release|Any CPU.ActiveCfg = Release|Any CPU
		{4ED46B24-2C26-4AC9-82C4-8F9E768625C7}.Release|Any CPU.Build.0 = Release|Any CPU
		{0CA8B89C-0948-4C0E-8C0B-ABC67F07F220}.Debug|Any CPU.ActiveCfg = Debug|Any CPU
		{0CA8B89C-0948-4C0E-8C0B-ABC67F07F220}.Debug|Any CPU.Build.0 = Debug|Any CPU
		{0CA8B89C-0948-4C0E-8C0B-ABC67F07F220}.Release|Any CPU.ActiveCfg = Release|Any CPU
		{0CA8B89C-0948-4C0E-8C0B-ABC67F07F220}.Release|Any CPU.Build.0 = Release|Any CPU
		{8CF6A49C-3860-40B7-8B82-BF27BC6E3DAF}.Debug|Any CPU.ActiveCfg = Debug|Any CPU
		{8CF6A49C-3860-40B7-8B82-BF27BC6E3DAF}.Debug|Any CPU.Build.0 = Debug|Any CPU
		{8CF6A49C-3860-40B7-8B82-BF27BC6E3DAF}.Release|Any CPU.ActiveCfg = Release|Any CPU
		{8CF6A49C-3860-40B7-8B82-BF27BC6E3DAF}.Release|Any CPU.Build.0 = Release|Any CPU
	EndGlobalSection
	GlobalSection(NestedProjects) = preSolution
		{C0AC082E-2E04-437A-BC69-956E487B76EF} = {A84F6657-14C1-4AC0-AFD3-B83BE1612E03}
		{1D0141BE-5C4B-4529-A1A2-EE8B3DF7B354} = {A84F6657-14C1-4AC0-AFD3-B83BE1612E03}
		{20B531D9-E79A-4CEB-B60C-02D9C46D9BDE} = {A84F6657-14C1-4AC0-AFD3-B83BE1612E03}
		{02E6E785-EF81-4ADD-94FB-E3432C30EA90} = {A84F6657-14C1-4AC0-AFD3-B83BE1612E03}
		{0F4A3BE0-4A46-40D2-BB84-BB28F930AFEA} = {A84F6657-14C1-4AC0-AFD3-B83BE1612E03}
		{72E0C272-72E1-4FBA-B160-514468795972} = {A84F6657-14C1-4AC0-AFD3-B83BE1612E03}
		{983002AC-CB0D-45BC-BBC6-EDCB20CEF269} = {A84F6657-14C1-4AC0-AFD3-B83BE1612E03}
		{2BCDD906-CC1A-4BAA-AD60-5D174068F08D} = {A84F6657-14C1-4AC0-AFD3-B83BE1612E03}
		{BF0E8103-BB6E-4308-AEB5-54D6AA86F070} = {2BCDD906-CC1A-4BAA-AD60-5D174068F08D}
		{A422AF66-1BAF-4DE7-8143-C3962B2C97EB} = {2BCDD906-CC1A-4BAA-AD60-5D174068F08D}
		{46004E27-1BE1-47A7-9499-517B8C9C8198} = {A84F6657-14C1-4AC0-AFD3-B83BE1612E03}
		{34D11E89-623C-4C2E-A555-C680CE26F68A} = {A84F6657-14C1-4AC0-AFD3-B83BE1612E03}
		{4ED46B24-2C26-4AC9-82C4-8F9E768625C7} = {34D11E89-623C-4C2E-A555-C680CE26F68A}
		{0CA8B89C-0948-4C0E-8C0B-ABC67F07F220} = {34D11E89-623C-4C2E-A555-C680CE26F68A}
		{8CF6A49C-3860-40B7-8B82-BF27BC6E3DAF} = {34D11E89-623C-4C2E-A555-C680CE26F68A}
	EndGlobalSection
EndGlobal
