
Microsoft Visual Studio Solution File, Format Version 12.00
# Visual Studio Version 16
VisualStudioVersion = 16.0.30114.105
MinimumVisualStudioVersion = 10.0.40219.1
Project("{FAE04EC0-301F-11D3-BF4B-00C04F79EFBC}") = "JetBlack.Http", "JetBlack.Http\JetBlack.Http.csproj", "{E4CD153C-B56C-4655-A0CD-8C73A69468E8}"
EndProject
Project("{FAE04EC0-301F-11D3-BF4B-00C04F79EFBC}") = "Example", "Example\Example.csproj", "{FDD5A34D-9221-41D1-9F20-84824405F43D}"
EndProject
Global
	GlobalSection(SolutionConfigurationPlatforms) = preSolution
		Debug|Any CPU = Debug|Any CPU
		Release|Any CPU = Release|Any CPU
	EndGlobalSection
	GlobalSection(SolutionProperties) = preSolution
		HideSolutionNode = FALSE
	EndGlobalSection
	GlobalSection(ProjectConfigurationPlatforms) = postSolution
		{E4CD153C-B56C-4655-A0CD-8C73A69468E8}.Debug|Any CPU.ActiveCfg = Debug|Any CPU
		{E4CD153C-B56C-4655-A0CD-8C73A69468E8}.Debug|Any CPU.Build.0 = Debug|Any CPU
		{E4CD153C-B56C-4655-A0CD-8C73A69468E8}.Release|Any CPU.ActiveCfg = Release|Any CPU
		{E4CD153C-B56C-4655-A0CD-8C73A69468E8}.Release|Any CPU.Build.0 = Release|Any CPU
		{FDD5A34D-9221-41D1-9F20-84824405F43D}.Debug|Any CPU.ActiveCfg = Debug|Any CPU
		{FDD5A34D-9221-41D1-9F20-84824405F43D}.Debug|Any CPU.Build.0 = Debug|Any CPU
		{FDD5A34D-9221-41D1-9F20-84824405F43D}.Release|Any CPU.ActiveCfg = Release|Any CPU
		{FDD5A34D-9221-41D1-9F20-84824405F43D}.Release|Any CPU.Build.0 = Release|Any CPU
	EndGlobalSection
EndGlobal
